
Microsoft Visual Studio Solution File, Format Version 12.00
# Visual Studio 14
VisualStudioVersion = 14.0.25420.1
MinimumVisualStudioVersion = 10.0.40219.1
Project("{FAE04EC0-301F-11D3-BF4B-00C04F79EFBC}") = "EquipFood", "EquipFood.csproj", "{319AC32E-D4BB-4E49-A4A5-99EA3AFC4CD9}"
EndProject
Global
	GlobalSection(SolutionConfigurationPlatforms) = preSolution
		RW_1_0|Any CPU = RW_1_0|Any CPU
		RW_1_1|Any CPU = RW_1_1|Any CPU
	EndGlobalSection
	GlobalSection(ProjectConfigurationPlatforms) = postSolution
		{319AC32E-D4BB-4E49-A4A5-99EA3AFC4CD9}.RW_1_0|Any CPU.ActiveCfg = RW_1_0|Any CPU
		{319AC32E-D4BB-4E49-A4A5-99EA3AFC4CD9}.RW_1_0|Any CPU.Build.0 = RW_1_0|Any CPU
		{319AC32E-D4BB-4E49-A4A5-99EA3AFC4CD9}.RW_1_1|Any CPU.ActiveCfg = RW_1_1|Any CPU
		{319AC32E-D4BB-4E49-A4A5-99EA3AFC4CD9}.RW_1_1|Any CPU.Build.0 = RW_1_1|Any CPU
	EndGlobalSection
	GlobalSection(SolutionProperties) = preSolution
		HideSolutionNode = FALSE
	EndGlobalSection
EndGlobal
